
Microsoft Visual Studio Solution File, Format Version 12.00
# Visual Studio Version 16
VisualStudioVersion = 16.0.34407.143
MinimumVisualStudioVersion = 10.0.40219.1
Project("{FAE04EC0-301F-11D3-BF4B-00C04F79EFBC}") = "QLMuaHang", "QLMuaHang\QLMuaHang.csproj", "{5FBAAC8A-D462-47F3-A637-1213D9616F0A}"
EndProject
Global
	GlobalSection(SolutionConfigurationPlatforms) = preSolution
		Debug|Any CPU = Debug|Any CPU
		Release|Any CPU = Release|Any CPU
	EndGlobalSection
	GlobalSection(ProjectConfigurationPlatforms) = postSolution
		{5FBAAC8A-D462-47F3-A637-1213D9616F0A}.Debug|Any CPU.ActiveCfg = Debug|Any CPU
		{5FBAAC8A-D462-47F3-A637-1213D9616F0A}.Debug|Any CPU.Build.0 = Debug|Any CPU
		{5FBAAC8A-D462-47F3-A637-1213D9616F0A}.Release|Any CPU.ActiveCfg = Release|Any CPU
		{5FBAAC8A-D462-47F3-A637-1213D9616F0A}.Release|Any CPU.Build.0 = Release|Any CPU
	EndGlobalSection
	GlobalSection(SolutionProperties) = preSolution
		HideSolutionNode = FALSE
	EndGlobalSection
	GlobalSection(ExtensibilityGlobals) = postSolution
		SolutionGuid = {A5DF88CE-36F3-47DD-BC4A-FFFAE495BC12}
	EndGlobalSection
EndGlobal
